
Microsoft Visual Studio Solution File, Format Version 12.00
# Visual Studio Version 17
VisualStudioVersion = 17.8.34322.80
MinimumVisualStudioVersion = 10.0.40219.1
Project("{FAE04EC0-301F-11D3-BF4B-00C04F79EFBC}") = "Store", "Store.csproj", "{0CFC13BD-EF0D-4961-BB08-543572EBE6ED}"
EndProject
Global
	GlobalSection(SolutionConfigurationPlatforms) = preSolution
		Debug|Any CPU = Debug|Any CPU
		Release|Any CPU = Release|Any CPU
	EndGlobalSection
	GlobalSection(ProjectConfigurationPlatforms) = postSolution
		{0CFC13BD-EF0D-4961-BB08-543572EBE6ED}.Debug|Any CPU.ActiveCfg = Debug|Any CPU
		{0CFC13BD-EF0D-4961-BB08-543572EBE6ED}.Debug|Any CPU.Build.0 = Debug|Any CPU
		{0CFC13BD-EF0D-4961-BB08-543572EBE6ED}.Release|Any CPU.ActiveCfg = Release|Any CPU
		{0CFC13BD-EF0D-4961-BB08-543572EBE6ED}.Release|Any CPU.Build.0 = Release|Any CPU
	EndGlobalSection
	GlobalSection(SolutionProperties) = preSolution
		HideSolutionNode = FALSE
	EndGlobalSection
	GlobalSection(ExtensibilityGlobals) = postSolution
		SolutionGuid = {C8B03E52-D520-484F-8424-951D95EB55DE}
	EndGlobalSection
EndGlobal
